
Microsoft Visual Studio Solution File, Format Version 12.00
# Visual Studio Version 17
VisualStudioVersion = 17.3.32929.385
MinimumVisualStudioVersion = 10.0.40219.1
Project("{FAE04EC0-301F-11D3-BF4B-00C04F79EFBC}") = "ProductionPlan.Api", "ProductionPlan.Api\ProductionPlan.Api.csproj", "{CB29EA61-E89B-4FE3-8596-C718B08BA269}"
EndProject
Project("{FAE04EC0-301F-11D3-BF4B-00C04F79EFBC}") = "ProductionPlan.Test", "ProductionPlan.Test\ProductionPlan.Test.csproj", "{5CAF65B5-69A5-46ED-961B-87DCD17B0BDF}"
EndProject
Global
	GlobalSection(SolutionConfigurationPlatforms) = preSolution
		Debug|Any CPU = Debug|Any CPU
		Release|Any CPU = Release|Any CPU
	EndGlobalSection
	GlobalSection(ProjectConfigurationPlatforms) = postSolution
		{CB29EA61-E89B-4FE3-8596-C718B08BA269}.Debug|Any CPU.ActiveCfg = Debug|Any CPU
		{CB29EA61-E89B-4FE3-8596-C718B08BA269}.Debug|Any CPU.Build.0 = Debug|Any CPU
		{CB29EA61-E89B-4FE3-8596-C718B08BA269}.Release|Any CPU.ActiveCfg = Release|Any CPU
		{CB29EA61-E89B-4FE3-8596-C718B08BA269}.Release|Any CPU.Build.0 = Release|Any CPU
		{5CAF65B5-69A5-46ED-961B-87DCD17B0BDF}.Debug|Any CPU.ActiveCfg = Debug|Any CPU
		{5CAF65B5-69A5-46ED-961B-87DCD17B0BDF}.Debug|Any CPU.Build.0 = Debug|Any CPU
		{5CAF65B5-69A5-46ED-961B-87DCD17B0BDF}.Release|Any CPU.ActiveCfg = Release|Any CPU
		{5CAF65B5-69A5-46ED-961B-87DCD17B0BDF}.Release|Any CPU.Build.0 = Release|Any CPU
	EndGlobalSection
	GlobalSection(SolutionProperties) = preSolution
		HideSolutionNode = FALSE
	EndGlobalSection
	GlobalSection(ExtensibilityGlobals) = postSolution
		SolutionGuid = {FE3E6BA5-4C07-4405-8CA4-B387AB5455A9}
	EndGlobalSection
EndGlobal
